{
  "lockfileVersion": 1,
  "configVersion": 1,
  "workspaces": {
    "": {
      "name": "nitro-starter",
      "devDependencies": {
        "nitro": "latest",
      },
    },
  },
  "packages": {
    "@emnapi/core": ["@emnapi/core@1.9.1", "", { "dependencies": { "@emnapi/wasi-threads": "1.2.0", "tslib": "^2.4.0" } }, "sha512-mukuNALVsoix/w1BJwFzwXBN/dHeejQtuVzcDsfOEsdpCumXb/E9j8w11h5S54tT1xhifGfbbSm/ICrObRb3KA=="],

    "@emnapi/runtime": ["@emnapi/runtime@1.9.1", "", { "dependencies": { "tslib": "^2.4.0" } }, "sha512-VYi5+ZVLhpgK4hQ0TAjiQiZ6ol0oe4mBx7mVv7IflsiEp0OWoVsp/+f9Vc1hOhE0TtkORVrI1GvzyreqpgWtkA=="],

    "@emnapi/wasi-threads": ["@emnapi/wasi-threads@1.2.0", "", { "dependencies": { "tslib": "^2.4.0" } }, "sha512-N10dEJNSsUx41Z6pZsXU8FjPjpBEplgH24sfkmITrBED1/U2Esum9F3lfLrMjKHHjmi557zQn7kR9R+XWXu5Rg=="],

    "@napi-rs/wasm-runtime": ["@napi-rs/wasm-runtime@1.1.1", "", { "dependencies": { "@emnapi/core": "^1.7.1", "@emnapi/runtime": "^1.7.1", "@tybys/wasm-util": "^0.10.1" } }, "sha512-p64ah1M1ld8xjWv3qbvFwHiFVWrq1yFvV4f7w+mzaqiR4IlSgkqhcRdHwsGgomwzBH51sRY4NEowLxnaBjcW/A=="],

    "@oxc-project/types": ["@oxc-project/types@0.120.0", "", {}, "sha512-k1YNu55DuvAip/MGE1FTsIuU3FUCn6v/ujG9V7Nq5Df/kX2CWb13hhwD0lmJGMGqE+bE1MXvv9SZVnMzEXlWcg=="],

    "@rolldown/binding-android-arm64": ["@rolldown/binding-android-arm64@1.0.0-rc.10", "", { "os": "android", "cpu": "arm64" }, "sha512-jOHxwXhxmFKuXztiu1ORieJeTbx5vrTkcOkkkn2d35726+iwhrY1w/+nYY/AGgF12thg33qC3R1LMBF5tHTZHg=="],

    "@rolldown/binding-darwin-arm64": ["@rolldown/binding-darwin-arm64@1.0.0-rc.10", "", { "os": "darwin", "cpu": "arm64" }, "sha512-gED05Teg/vtTZbIJBc4VNMAxAFDUPkuO/rAIyyxZjTj1a1/s6z5TII/5yMGZ0uLRCifEtwUQn8OlYzuYc0m70w=="],

    "@rolldown/binding-darwin-x64": ["@rolldown/binding-darwin-x64@1.0.0-rc.10", "", { "os": "darwin", "cpu": "x64" }, "sha512-rI15NcM1mA48lqrIxVkHfAqcyFLcQwyXWThy+BQ5+mkKKPvSO26ir+ZDp36AgYoYVkqvMcdS8zOE6SeBsR9e8A=="],

    "@rolldown/binding-freebsd-x64": ["@rolldown/binding-freebsd-x64@1.0.0-rc.10", "", { "os": "freebsd", "cpu": "x64" }, "sha512-XZRXHdTa+4ME1MuDVp021+doQ+z6Ei4CCFmNc5/sKbqb8YmkiJdj8QKlV3rCI0AJtAeSB5n0WGPuJWNL9p/L2w=="],

    "@rolldown/binding-linux-arm-gnueabihf": ["@rolldown/binding-linux-arm-gnueabihf@1.0.0-rc.10", "", { "os": "linux", "cpu": "arm" }, "sha512-R0SQMRluISSLzFE20sPWYHVmJdDQnRyc/FzSCN72BqQmh2SOZUFG+N3/vBZpR4C6WpEUVYJLrYUXaj43sJsNLA=="],

    "@rolldown/binding-linux-arm64-gnu": ["@rolldown/binding-linux-arm64-gnu@1.0.0-rc.10", "", { "os": "linux", "cpu": "arm64" }, "sha512-Y1reMrV/o+cwpduYhJuOE3OMKx32RMYCidf14y+HssARRmhDuWXJ4yVguDg2R/8SyyGNo+auzz64LnPK9Hq6jg=="],

    "@rolldown/binding-linux-arm64-musl": ["@rolldown/binding-linux-arm64-musl@1.0.0-rc.10", "", { "os": "linux", "cpu": "arm64" }, "sha512-vELN+HNb2IzuzSBUOD4NHmP9yrGwl1DVM29wlQvx1OLSclL0NgVWnVDKl/8tEks79EFek/kebQKnNJkIAA4W2g=="],

    "@rolldown/binding-linux-ppc64-gnu": ["@rolldown/binding-linux-ppc64-gnu@1.0.0-rc.10", "", { "os": "linux", "cpu": "ppc64" }, "sha512-ZqrufYTgzxbHwpqOjzSsb0UV/aV2TFIY5rP8HdsiPTv/CuAgCRjM6s9cYFwQ4CNH+hf9Y4erHW1GjZuZ7WoI7w=="],

    "@rolldown/binding-linux-s390x-gnu": ["@rolldown/binding-linux-s390x-gnu@1.0.0-rc.10", "", { "os": "linux", "cpu": "s390x" }, "sha512-gSlmVS1FZJSRicA6IyjoRoKAFK7IIHBs7xJuHRSmjImqk3mPPWbR7RhbnfH2G6bcmMEllCt2vQ/7u9e6bBnByg=="],

    "@rolldown/binding-linux-x64-gnu": ["@rolldown/binding-linux-x64-gnu@1.0.0-rc.10", "", { "os": "linux", "cpu": "x64" }, "sha512-eOCKUpluKgfObT2pHjztnaWEIbUabWzk3qPZ5PuacuPmr4+JtQG4k2vGTY0H15edaTnicgU428XW/IH6AimcQw=="],

    "@rolldown/binding-linux-x64-musl": ["@rolldown/binding-linux-x64-musl@1.0.0-rc.10", "", { "os": "linux", "cpu": "x64" }, "sha512-Xdf2jQbfQowJnLcgYfD/m0Uu0Qj5OdxKallD78/IPPfzaiaI4KRAwZzHcKQ4ig1gtg1SuzC7jovNiM2TzQsBXA=="],

    "@rolldown/binding-openharmony-arm64": ["@rolldown/binding-openharmony-arm64@1.0.0-rc.10", "", { "os": "none", "cpu": "arm64" }, "sha512-o1hYe8hLi1EY6jgPFyxQgQ1wcycX+qz8eEbVmot2hFkgUzPxy9+kF0u0NIQBeDq+Mko47AkaFFaChcvZa9UX9Q=="],

    "@rolldown/binding-wasm32-wasi": ["@rolldown/binding-wasm32-wasi@1.0.0-rc.10", "", { "dependencies": { "@napi-rs/wasm-runtime": "^1.1.1" }, "cpu": "none" }, "sha512-Ugv9o7qYJudqQO5Y5y2N2SOo6S4WiqiNOpuQyoPInnhVzCY+wi/GHltcLHypG9DEUYMB0iTB/huJrpadiAcNcA=="],

    "@rolldown/binding-win32-arm64-msvc": ["@rolldown/binding-win32-arm64-msvc@1.0.0-rc.10", "", { "os": "win32", "cpu": "arm64" }, "sha512-7UODQb4fQUNT/vmgDZBl3XOBAIOutP5R3O/rkxg0aLfEGQ4opbCgU5vOw/scPe4xOqBwL9fw7/RP1vAMZ6QlAQ=="],

    "@rolldown/binding-win32-x64-msvc": ["@rolldown/binding-win32-x64-msvc@1.0.0-rc.10", "", { "os": "win32", "cpu": "x64" }, "sha512-PYxKHMVHOb5NJuDL53vBUl1VwUjymDcYI6rzpIni0C9+9mTiJedvUxSk7/RPp7OOAm3v+EjgMu9bIy3N6b408w=="],

    "@rolldown/pluginutils": ["@rolldown/pluginutils@1.0.0-rc.10", "", {}, "sha512-UkVDEFk1w3mveXeKgaTuYfKWtPbvgck1dT8TUG3bnccrH0XtLTuAyfCoks4Q/M5ZGToSVJTIQYCzy2g/atAOeg=="],

    "@tybys/wasm-util": ["@tybys/wasm-util@0.10.1", "", { "dependencies": { "tslib": "^2.4.0" } }, "sha512-9tTaPJLSiejZKx+Bmog4uSubteqTvFrVrURwkmHixBo0G4seD0zUxp98E1DzUBJxLQ3NPwXrGKDiVjwx/DpPsg=="],

    "consola": ["consola@3.4.2", "", {}, "sha512-5IKcdX0nnYavi6G7TtOhwkYzyjfJlatbjMjuLSfE2kYT5pMDOilZ4OvMhi637CcDICTmz3wARPoyhqyX1Y+XvA=="],

    "crossws": ["crossws@0.4.4", "", { "peerDependencies": { "srvx": ">=0.7.1" }, "optionalPeers": ["srvx"] }, "sha512-w6c4OdpRNnudVmcgr7brb/+/HmYjMQvYToO/oTrprTwxRUiom3LYWU1PMWuD006okbUWpII1Ea9/+kwpUfmyRg=="],

    "db0": ["db0@0.3.4", "", { "peerDependencies": { "@electric-sql/pglite": "*", "@libsql/client": "*", "better-sqlite3": "*", "drizzle-orm": "*", "mysql2": "*", "sqlite3": "*" }, "optionalPeers": ["@electric-sql/pglite", "@libsql/client", "better-sqlite3", "drizzle-orm", "mysql2", "sqlite3"] }, "sha512-RiXXi4WaNzPTHEOu8UPQKMooIbqOEyqA1t7Z6MsdxSCeb8iUC9ko3LcmsLmeUt2SM5bctfArZKkRQggKZz7JNw=="],

    "env-runner": ["env-runner@0.1.6", "", { "dependencies": { "crossws": "^0.4.4", "httpxy": "^0.3.1", "srvx": "^0.11.9" }, "peerDependencies": { "miniflare": "^4.0.0" }, "optionalPeers": ["miniflare"], "bin": { "env-runner": "dist/cli.mjs" } }, "sha512-fSb7X1zdda8k6611a6/SdSQpDe7a/bqMz2UWdbHjk9YWzpUR4/fn9YtE/hqgGQ2nhvVN0zUtcL1SRMKwIsDbAA=="],

    "h3": ["h3@2.0.1-rc.18", "", { "dependencies": { "rou3": "^0.8.1", "srvx": "^0.11.12" }, "peerDependencies": { "crossws": "^0.4.1" }, "optionalPeers": ["crossws"], "bin": { "h3": "bin/h3.mjs" } }, "sha512-2EdYEOIJwZHfhfdxvqZsmmUz4tgwzQSuzre+l50j+voHJV4m7j3zw2lYLgHoyfkCF9EAZcaH4ea0zH/hgcs9Yg=="],

    "hookable": ["hookable@6.1.0", "", {}, "sha512-ZoKZSJgu8voGK2geJS+6YtYjvIzu9AOM/KZXsBxr83uhLL++e9pEv/dlgwgy3dvHg06kTz6JOh1hk3C8Ceiymw=="],

    "httpxy": ["httpxy@0.3.1", "", {}, "sha512-XjG/CEoofEisMrnFr0D6U6xOZ4mRfnwcYQ9qvvnT4lvnX8BoeA3x3WofB75D+vZwpaobFVkBIHrZzoK40w8XSw=="],

    "nf3": ["nf3@0.3.13", "", {}, "sha512-drDt0yl4d/yUhlpD0GzzqahSpA5eUNeIfFq0/aoZb0UlPY0ZwP4u1EfREVvZrYdEnJ3OU9Le9TrzbvWgEkkeKw=="],

    "nitro": ["nitro@3.0.260311-beta", "", { "dependencies": { "consola": "^3.4.2", "crossws": "^0.4.4", "db0": "^0.3.4", "env-runner": "^0.1.6", "h3": "^2.0.1-rc.16", "hookable": "^6.0.1", "nf3": "^0.3.11", "ocache": "^0.1.2", "ofetch": "^2.0.0-alpha.3", "ohash": "^2.0.11", "rolldown": "^1.0.0-rc.8", "srvx": "^0.11.9", "unenv": "^2.0.0-rc.24", "unstorage": "^2.0.0-alpha.6" }, "peerDependencies": { "dotenv": "*", "giget": "*", "jiti": "^2.6.1", "rollup": "^4.59.0", "vite": "^7 || ^8 || >=8.0.0-0", "xml2js": "^0.6.2", "zephyr-agent": "^0.1.15" }, "optionalPeers": ["dotenv", "giget", "jiti", "rollup", "vite", "xml2js", "zephyr-agent"], "bin": { "nitro": "dist/cli/index.mjs" } }, "sha512-0o0fJ9LUh4WKUqJNX012jyieUOtMCnadkNDWr0mHzdraoHpJP/1CGNefjRyZyMXSpoJfwoWdNEZu2iGf35TUvQ=="],

    "ocache": ["ocache@0.1.4", "", { "dependencies": { "ohash": "^2.0.11" } }, "sha512-e7geNdWjxSnvsSgvLuPvgKgu7ubM10ZmTPOgpr7mz2BXYtvjMKTiLhjFi/gWU8chkuP6hNkZBsa9LzOusyaqkQ=="],

    "ofetch": ["ofetch@2.0.0-alpha.3", "", {}, "sha512-zpYTCs2byOuft65vI3z43Dd6iSdFbOZZLb9/d21aCpx2rGastVU9dOCv0lu4ykc1Ur1anAYjDi3SUvR0vq50JA=="],

    "ohash": ["ohash@2.0.11", "", {}, "sha512-RdR9FQrFwNBNXAr4GixM8YaRZRJ5PUWbKYbE5eOsrwAjJW0q2REGcf79oYPsLyskQCZG1PLN+S/K1V00joZAoQ=="],

    "pathe": ["pathe@2.0.3", "", {}, "sha512-WUjGcAqP1gQacoQe+OBJsFA7Ld4DyXuUIjZ5cc75cLHvJ7dtNsTugphxIADwspS+AraAUePCKrSVtPLFj/F88w=="],

    "rolldown": ["rolldown@1.0.0-rc.10", "", { "dependencies": { "@oxc-project/types": "=0.120.0", "@rolldown/pluginutils": "1.0.0-rc.10" }, "optionalDependencies": { "@rolldown/binding-android-arm64": "1.0.0-rc.10", "@rolldown/binding-darwin-arm64": "1.0.0-rc.10", "@rolldown/binding-darwin-x64": "1.0.0-rc.10", "@rolldown/binding-freebsd-x64": "1.0.0-rc.10", "@rolldown/binding-linux-arm-gnueabihf": "1.0.0-rc.10", "@rolldown/binding-linux-arm64-gnu": "1.0.0-rc.10", "@rolldown/binding-linux-arm64-musl": "1.0.0-rc.10", "@rolldown/binding-linux-ppc64-gnu": "1.0.0-rc.10", "@rolldown/binding-linux-s390x-gnu": "1.0.0-rc.10", "@rolldown/binding-linux-x64-gnu": "1.0.0-rc.10", "@rolldown/binding-linux-x64-musl": "1.0.0-rc.10", "@rolldown/binding-openharmony-arm64": "1.0.0-rc.10", "@rolldown/binding-wasm32-wasi": "1.0.0-rc.10", "@rolldown/binding-win32-arm64-msvc": "1.0.0-rc.10", "@rolldown/binding-win32-x64-msvc": "1.0.0-rc.10" }, "bin": { "rolldown": "bin/cli.mjs" } }, "sha512-q7j6vvarRFmKpgJUT8HCAUljkgzEp4LAhPlJUvQhA5LA1SUL36s5QCysMutErzL3EbNOZOkoziSx9iZC4FddKA=="],

    "rou3": ["rou3@0.8.1", "", {}, "sha512-ePa+XGk00/3HuCqrEnK3LxJW7I0SdNg6EFzKUJG73hMAdDcOUC/i/aSz7LSDwLrGr33kal/rqOGydzwl6U7zBA=="],

    "srvx": ["srvx@0.11.12", "", { "bin": { "srvx": "bin/srvx.mjs" } }, "sha512-AQfrGqntqVPXgP03pvBDN1KyevHC+KmYVqb8vVf4N+aomQqdhaZxjvoVp+AOm4u6x+GgNQY3MVzAUIn+TqwkOA=="],

    "tslib": ["tslib@2.8.1", "", {}, "sha512-oJFu94HQb+KVduSUQL7wnpmqnfmLsOA/nAh6b6EH0wCEoK0/mPeXU6c3wKDV83MkOuHPRHtSXKKU99IBazS/2w=="],

    "unenv": ["unenv@2.0.0-rc.24", "", { "dependencies": { "pathe": "^2.0.3" } }, "sha512-i7qRCmY42zmCwnYlh9H2SvLEypEFGye5iRmEMKjcGi7zk9UquigRjFtTLz0TYqr0ZGLZhaMHl/foy1bZR+Cwlw=="],

    "unstorage": ["unstorage@2.0.0-alpha.7", "", { "peerDependencies": { "@azure/app-configuration": "^1.11.0", "@azure/cosmos": "^4.9.1", "@azure/data-tables": "^13.3.2", "@azure/identity": "^4.13.0", "@azure/keyvault-secrets": "^4.10.0", "@azure/storage-blob": "^12.31.0", "@capacitor/preferences": "^6 || ^7 || ^8", "@deno/kv": ">=0.13.0", "@netlify/blobs": "^6.5.0 || ^7.0.0 || ^8.1.0 || ^9.0.0 || ^10.0.0", "@planetscale/database": "^1.19.0", "@upstash/redis": "^1.36.2", "@vercel/blob": ">=0.27.3", "@vercel/functions": "^2.2.12 || ^3.0.0", "@vercel/kv": "^1.0.1", "aws4fetch": "^1.0.20", "chokidar": "^4 || ^5", "db0": ">=0.3.4", "idb-keyval": "^6.2.2", "ioredis": "^5.9.3", "lru-cache": "^11.2.6", "mongodb": "^6 || ^7", "ofetch": "*", "uploadthing": "^7.7.4" }, "optionalPeers": ["@azure/app-configuration", "@azure/cosmos", "@azure/data-tables", "@azure/identity", "@azure/keyvault-secrets", "@azure/storage-blob", "@capacitor/preferences", "@deno/kv", "@netlify/blobs", "@planetscale/database", "@upstash/redis", "@vercel/blob", "@vercel/functions", "@vercel/kv", "aws4fetch", "chokidar", "db0", "idb-keyval", "ioredis", "lru-cache", "mongodb", "ofetch", "uploadthing"] }, "sha512-ELPztchk2zgFJnakyodVY3vJWGW9jy//keJ32IOJVGUMyaPydwcA1FtVvWqT0TNRch9H+cMNEGllfVFfScImog=="],
  }
}
